
Microsoft Visual Studio Solution File, Format Version 12.00
# Visual Studio Version 17
VisualStudioVersion = 17.11.35327.3
MinimumVisualStudioVersion = 10.0.40219.1
Project("{2150E333-8FDC-42A3-9474-1A3956D46DE8}") = "src", "src", "{C5C333C8-EB86-4D5A-A7AB-AF707BC5BDBF}"
EndProject
Project("{2150E333-8FDC-42A3-9474-1A3956D46DE8}") = "Çözüm Öğeleri", "Çözüm Öğeleri", "{316EC88A-713C-4D8B-8291-9B1406785078}"
	ProjectSection(SolutionItems) = preProject
		test.txt = test.txt
	EndProjectSection
EndProject
Project("{2150E333-8FDC-42A3-9474-1A3956D46DE8}") = "ApiGateway", "ApiGateway", "{16A3F1E0-46B4-4BE3-BB42-AE393D2FE4BE}"
EndProject
Project("{2150E333-8FDC-42A3-9474-1A3956D46DE8}") = "Services", "Services", "{52276CAB-867F-40D1-BD7A-9198B477ECBD}"
EndProject
Project("{2150E333-8FDC-42A3-9474-1A3956D46DE8}") = "HotelService", "HotelService", "{610DF147-C8D7-46FF-8766-37FBA3504126}"
EndProject
Project("{9A19103F-16F7-4668-BE54-9A1E7A4F7556}") = "HotelService.Application", "src\Services\HotelService\HotelService.Application\HotelService.Application.csproj", "{88C9C983-3A64-4FCE-9947-917573106201}"
EndProject
Project("{FAE04EC0-301F-11D3-BF4B-00C04F79EFBC}") = "HotelService.Domain", "src\Services\HotelService\HotelService.Domain\HotelService.Domain.csproj", "{71D40A2C-DA00-42D3-8B5D-ED0C7440AC37}"
EndProject
Project("{FAE04EC0-301F-11D3-BF4B-00C04F79EFBC}") = "HotelService.Infrastructure", "src\Services\HotelService\HotelService.Infrastructure\HotelService.Infrastructure.csproj", "{EA693F17-06C9-4A26-988B-5539A5E1EB77}"
EndProject
Project("{FAE04EC0-301F-11D3-BF4B-00C04F79EFBC}") = "HotelService.API", "src\Services\HotelService\HotelService.API\HotelService.API.csproj", "{1AA4579A-8CD3-4EEB-BC4E-20323BEB9E6C}"
EndProject
Global
	GlobalSection(SolutionConfigurationPlatforms) = preSolution
		Debug|Any CPU = Debug|Any CPU
		Release|Any CPU = Release|Any CPU
	EndGlobalSection
	GlobalSection(ProjectConfigurationPlatforms) = postSolution
		{88C9C983-3A64-4FCE-9947-917573106201}.Debug|Any CPU.ActiveCfg = Debug|Any CPU
		{88C9C983-3A64-4FCE-9947-917573106201}.Debug|Any CPU.Build.0 = Debug|Any CPU
		{88C9C983-3A64-4FCE-9947-917573106201}.Release|Any CPU.ActiveCfg = Release|Any CPU
		{88C9C983-3A64-4FCE-9947-917573106201}.Release|Any CPU.Build.0 = Release|Any CPU
		{71D40A2C-DA00-42D3-8B5D-ED0C7440AC37}.Debug|Any CPU.ActiveCfg = Debug|Any CPU
		{71D40A2C-DA00-42D3-8B5D-ED0C7440AC37}.Debug|Any CPU.Build.0 = Debug|Any CPU
		{71D40A2C-DA00-42D3-8B5D-ED0C7440AC37}.Release|Any CPU.ActiveCfg = Release|Any CPU
		{71D40A2C-DA00-42D3-8B5D-ED0C7440AC37}.Release|Any CPU.Build.0 = Release|Any CPU
		{EA693F17-06C9-4A26-988B-5539A5E1EB77}.Debug|Any CPU.ActiveCfg = Debug|Any CPU
		{EA693F17-06C9-4A26-988B-5539A5E1EB77}.Debug|Any CPU.Build.0 = Debug|Any CPU
		{EA693F17-06C9-4A26-988B-5539A5E1EB77}.Release|Any CPU.ActiveCfg = Release|Any CPU
		{EA693F17-06C9-4A26-988B-5539A5E1EB77}.Release|Any CPU.Build.0 = Release|Any CPU
		{1AA4579A-8CD3-4EEB-BC4E-20323BEB9E6C}.Debug|Any CPU.ActiveCfg = Debug|Any CPU
		{1AA4579A-8CD3-4EEB-BC4E-20323BEB9E6C}.Debug|Any CPU.Build.0 = Debug|Any CPU
		{1AA4579A-8CD3-4EEB-BC4E-20323BEB9E6C}.Release|Any CPU.ActiveCfg = Release|Any CPU
		{1AA4579A-8CD3-4EEB-BC4E-20323BEB9E6C}.Release|Any CPU.Build.0 = Release|Any CPU
	EndGlobalSection
	GlobalSection(SolutionProperties) = preSolution
		HideSolutionNode = FALSE
	EndGlobalSection
	GlobalSection(NestedProjects) = preSolution
		{16A3F1E0-46B4-4BE3-BB42-AE393D2FE4BE} = {C5C333C8-EB86-4D5A-A7AB-AF707BC5BDBF}
		{52276CAB-867F-40D1-BD7A-9198B477ECBD} = {C5C333C8-EB86-4D5A-A7AB-AF707BC5BDBF}
		{610DF147-C8D7-46FF-8766-37FBA3504126} = {52276CAB-867F-40D1-BD7A-9198B477ECBD}
		{88C9C983-3A64-4FCE-9947-917573106201} = {610DF147-C8D7-46FF-8766-37FBA3504126}
		{71D40A2C-DA00-42D3-8B5D-ED0C7440AC37} = {610DF147-C8D7-46FF-8766-37FBA3504126}
		{EA693F17-06C9-4A26-988B-5539A5E1EB77} = {610DF147-C8D7-46FF-8766-37FBA3504126}
		{1AA4579A-8CD3-4EEB-BC4E-20323BEB9E6C} = {610DF147-C8D7-46FF-8766-37FBA3504126}
	EndGlobalSection
	GlobalSection(ExtensibilityGlobals) = postSolution
		SolutionGuid = {227AD10C-14A8-40B6-B89A-55A29D8D3D5F}
	EndGlobalSection
EndGlobal
